
Microsoft Visual Studio Solution File, Format Version 12.00
# Visual Studio 2012
Project("{8BC9CEB8-8B4A-11D0-8D11-00A0C91BC942}") = "CaseStudy_TimeServiceClient_GUI", "CaseStudy_TimeServiceClient_GUI\CaseStudy_TimeServiceClient_GUI.vcxproj", "{1C6AC4A5-B041-45A8-8433-81EBE0EC3321}"
EndProject
Global
	GlobalSection(SolutionConfigurationPlatforms) = preSolution
		Debug|Win32 = Debug|Win32
		Release|Win32 = Release|Win32
	EndGlobalSection
	GlobalSection(ProjectConfigurationPlatforms) = postSolution
		{1C6AC4A5-B041-45A8-8433-81EBE0EC3321}.Debug|Win32.ActiveCfg = Debug|Win32
		{1C6AC4A5-B041-45A8-8433-81EBE0EC3321}.Debug|Win32.Build.0 = Debug|Win32
		{1C6AC4A5-B041-45A8-8433-81EBE0EC3321}.Release|Win32.ActiveCfg = Release|Win32
		{1C6AC4A5-B041-45A8-8433-81EBE0EC3321}.Release|Win32.Build.0 = Release|Win32
	EndGlobalSection
	GlobalSection(SolutionProperties) = preSolution
		HideSolutionNode = FALSE
	EndGlobalSection
EndGlobal
