
Microsoft Visual Studio Solution File, Format Version 12.00
# Visual Studio 2012
Project("{8BC9CEB8-8B4A-11D0-8D11-00A0C91BC942}") = "CaseStudy_TimeServiceClient Phase3 Library", "CaseStudy_TimeServiceClient Phase3 Library\CaseStudy_TimeServiceClient Phase3 Library.vcxproj", "{C5A694C3-70CC-4E7B-BE2D-EB31B0005572}"
EndProject
Global
	GlobalSection(SolutionConfigurationPlatforms) = preSolution
		Debug|Win32 = Debug|Win32
		Release|Win32 = Release|Win32
	EndGlobalSection
	GlobalSection(ProjectConfigurationPlatforms) = postSolution
		{C5A694C3-70CC-4E7B-BE2D-EB31B0005572}.Debug|Win32.ActiveCfg = Debug|Win32
		{C5A694C3-70CC-4E7B-BE2D-EB31B0005572}.Debug|Win32.Build.0 = Debug|Win32
		{C5A694C3-70CC-4E7B-BE2D-EB31B0005572}.Release|Win32.ActiveCfg = Release|Win32
		{C5A694C3-70CC-4E7B-BE2D-EB31B0005572}.Release|Win32.Build.0 = Release|Win32
	EndGlobalSection
	GlobalSection(SolutionProperties) = preSolution
		HideSolutionNode = FALSE
	EndGlobalSection
EndGlobal
